
Microsoft Visual Studio Solution File, Format Version 12.00
# Visual Studio 15
VisualStudioVersion = 15.0.28010.2036
MinimumVisualStudioVersion = 10.0.40219.1
Project("{FAE04EC0-301F-11D3-BF4B-00C04F79EFBC}") = "MultiThreading", "MultiThreading\MultiThreading.csproj", "{2EE293A2-DC2E-4175-B24D-D2711D914217}"
EndProject
Global
	GlobalSection(SolutionConfigurationPlatforms) = preSolution
		Debug|Any CPU = Debug|Any CPU
		Release|Any CPU = Release|Any CPU
	EndGlobalSection
	GlobalSection(ProjectConfigurationPlatforms) = postSolution
		{2EE293A2-DC2E-4175-B24D-D2711D914217}.Debug|Any CPU.ActiveCfg = Debug|Any CPU
		{2EE293A2-DC2E-4175-B24D-D2711D914217}.Debug|Any CPU.Build.0 = Debug|Any CPU
		{2EE293A2-DC2E-4175-B24D-D2711D914217}.Release|Any CPU.ActiveCfg = Release|Any CPU
		{2EE293A2-DC2E-4175-B24D-D2711D914217}.Release|Any CPU.Build.0 = Release|Any CPU
	EndGlobalSection
	GlobalSection(SolutionProperties) = preSolution
		HideSolutionNode = FALSE
	EndGlobalSection
	GlobalSection(ExtensibilityGlobals) = postSolution
		SolutionGuid = {03AE35A9-C02D-4E62-A194-BF1A4EE2499E}
	EndGlobalSection
EndGlobal
